
Microsoft Visual Studio Solution File, Format Version 12.00
# Visual Studio Version 16
VisualStudioVersion = 16.0.29503.13
MinimumVisualStudioVersion = 10.0.40219.1
Project("{9A19103F-16F7-4668-BE54-9A1E7A4F7556}") = "Black jack", "Black jack\Black jack.csproj", "{EA50FADD-5C11-44E5-BCCD-A216FA1244D0}"
EndProject
Project("{FAE04EC0-301F-11D3-BF4B-00C04F79EFBC}") = "Library", "Library\Library.csproj", "{0A2243FE-BD49-42D8-B1F9-F0C89A6F7675}"
EndProject
Project("{FAE04EC0-301F-11D3-BF4B-00C04F79EFBC}") = "LibraryTests", "LibraryTests\LibraryTests.csproj", "{C2546750-389F-42B3-A13F-A92E61D93A6B}"
EndProject
Global
	GlobalSection(SolutionConfigurationPlatforms) = preSolution
		Debug|Any CPU = Debug|Any CPU
		Release|Any CPU = Release|Any CPU
	EndGlobalSection
	GlobalSection(ProjectConfigurationPlatforms) = postSolution
		{EA50FADD-5C11-44E5-BCCD-A216FA1244D0}.Debug|Any CPU.ActiveCfg = Debug|Any CPU
		{EA50FADD-5C11-44E5-BCCD-A216FA1244D0}.Debug|Any CPU.Build.0 = Debug|Any CPU
		{EA50FADD-5C11-44E5-BCCD-A216FA1244D0}.Release|Any CPU.ActiveCfg = Release|Any CPU
		{EA50FADD-5C11-44E5-BCCD-A216FA1244D0}.Release|Any CPU.Build.0 = Release|Any CPU
		{0A2243FE-BD49-42D8-B1F9-F0C89A6F7675}.Debug|Any CPU.ActiveCfg = Debug|Any CPU
		{0A2243FE-BD49-42D8-B1F9-F0C89A6F7675}.Debug|Any CPU.Build.0 = Debug|Any CPU
		{0A2243FE-BD49-42D8-B1F9-F0C89A6F7675}.Release|Any CPU.ActiveCfg = Release|Any CPU
		{0A2243FE-BD49-42D8-B1F9-F0C89A6F7675}.Release|Any CPU.Build.0 = Release|Any CPU
		{C2546750-389F-42B3-A13F-A92E61D93A6B}.Debug|Any CPU.ActiveCfg = Debug|Any CPU
		{C2546750-389F-42B3-A13F-A92E61D93A6B}.Debug|Any CPU.Build.0 = Debug|Any CPU
		{C2546750-389F-42B3-A13F-A92E61D93A6B}.Release|Any CPU.ActiveCfg = Release|Any CPU
		{C2546750-389F-42B3-A13F-A92E61D93A6B}.Release|Any CPU.Build.0 = Release|Any CPU
	EndGlobalSection
	GlobalSection(SolutionProperties) = preSolution
		HideSolutionNode = FALSE
	EndGlobalSection
	GlobalSection(ExtensibilityGlobals) = postSolution
		SolutionGuid = {B5D5D348-C354-4429-8D4F-14F3651D2861}
	EndGlobalSection
EndGlobal
